
Microsoft Visual Studio Solution File, Format Version 12.00
# Visual Studio Version 17
VisualStudioVersion = 17.5.002.0
MinimumVisualStudioVersion = 10.0.40219.1
Project("{9A19103F-16F7-4668-BE54-9A1E7A4F7556}") = "MovieHunterApp", "MovieHunterApp.csproj", "{6DC658D0-83BF-4B76-BCF8-979E8CE45532}"
EndProject
Global
	GlobalSection(SolutionConfigurationPlatforms) = preSolution
		Debug|Any CPU = Debug|Any CPU
		Release|Any CPU = Release|Any CPU
	EndGlobalSection
	GlobalSection(ProjectConfigurationPlatforms) = postSolution
		{6DC658D0-83BF-4B76-BCF8-979E8CE45532}.Debug|Any CPU.ActiveCfg = Debug|Any CPU
		{6DC658D0-83BF-4B76-BCF8-979E8CE45532}.Debug|Any CPU.Build.0 = Debug|Any CPU
		{6DC658D0-83BF-4B76-BCF8-979E8CE45532}.Release|Any CPU.ActiveCfg = Release|Any CPU
		{6DC658D0-83BF-4B76-BCF8-979E8CE45532}.Release|Any CPU.Build.0 = Release|Any CPU
	EndGlobalSection
	GlobalSection(SolutionProperties) = preSolution
		HideSolutionNode = FALSE
	EndGlobalSection
	GlobalSection(ExtensibilityGlobals) = postSolution
		SolutionGuid = {A87D625E-84AC-4B0A-BFE6-B7F39F9141E3}
	EndGlobalSection
EndGlobal
